
Microsoft Visual Studio Solution File, Format Version 12.00
# Visual Studio Version 17
VisualStudioVersion = 17.2.32630.192
MinimumVisualStudioVersion = 10.0.40219.1
Project("{FAE04EC0-301F-11D3-BF4B-00C04F79EFBC}") = "Zametka", "Zametka\Zametka.csproj", "{A3D8BDE9-8A7C-4290-8B93-B5B5301F7351}"
EndProject
Global
	GlobalSection(SolutionConfigurationPlatforms) = preSolution
		Debug|Any CPU = Debug|Any CPU
		Release|Any CPU = Release|Any CPU
	EndGlobalSection
	GlobalSection(ProjectConfigurationPlatforms) = postSolution
		{A3D8BDE9-8A7C-4290-8B93-B5B5301F7351}.Debug|Any CPU.ActiveCfg = Debug|Any CPU
		{A3D8BDE9-8A7C-4290-8B93-B5B5301F7351}.Debug|Any CPU.Build.0 = Debug|Any CPU
		{A3D8BDE9-8A7C-4290-8B93-B5B5301F7351}.Release|Any CPU.ActiveCfg = Release|Any CPU
		{A3D8BDE9-8A7C-4290-8B93-B5B5301F7351}.Release|Any CPU.Build.0 = Release|Any CPU
	EndGlobalSection
	GlobalSection(SolutionProperties) = preSolution
		HideSolutionNode = FALSE
	EndGlobalSection
	GlobalSection(ExtensibilityGlobals) = postSolution
		SolutionGuid = {B8EE627D-E07C-4F3E-81EF-8791BDCCF8E1}
	EndGlobalSection
EndGlobal
